
Microsoft Visual Studio Solution File, Format Version 12.00
# Visual Studio Version 17
VisualStudioVersion = 17.9.34902.65
MinimumVisualStudioVersion = 10.0.40219.1
Project("{FAE04EC0-301F-11D3-BF4B-00C04F79EFBC}") = "Notes.Android", "Notes\Notes.Android\Notes.Android.csproj", "{C7914B10-AA44-49DB-8247-F37C094D4C15}"
EndProject
Project("{FAE04EC0-301F-11D3-BF4B-00C04F79EFBC}") = "Notes.iOS", "Notes\Notes.iOS\Notes.iOS.csproj", "{170D9C82-27AA-4C81-A1A8-78052B1A5E42}"
EndProject
Project("{FAE04EC0-301F-11D3-BF4B-00C04F79EFBC}") = "Notes", "Notes\Notes\Notes.csproj", "{C8EB9A90-7034-4840-9D93-E0AE4F26B3E8}"
EndProject
Global
	GlobalSection(SolutionConfigurationPlatforms) = preSolution
		Debug|Any CPU = Debug|Any CPU
		Debug|iPhone = Debug|iPhone
		Debug|iPhoneSimulator = Debug|iPhoneSimulator
		Release|Any CPU = Release|Any CPU
		Release|iPhone = Release|iPhone
		Release|iPhoneSimulator = Release|iPhoneSimulator
	EndGlobalSection
	GlobalSection(ProjectConfigurationPlatforms) = postSolution
		{C7914B10-AA44-49DB-8247-F37C094D4C15}.Debug|Any CPU.ActiveCfg = Debug|Any CPU
		{C7914B10-AA44-49DB-8247-F37C094D4C15}.Debug|Any CPU.Build.0 = Debug|Any CPU
		{C7914B10-AA44-49DB-8247-F37C094D4C15}.Debug|Any CPU.Deploy.0 = Debug|Any CPU
		{C7914B10-AA44-49DB-8247-F37C094D4C15}.Debug|iPhone.ActiveCfg = Debug|Any CPU
		{C7914B10-AA44-49DB-8247-F37C094D4C15}.Debug|iPhone.Build.0 = Debug|Any CPU
		{C7914B10-AA44-49DB-8247-F37C094D4C15}.Debug|iPhone.Deploy.0 = Debug|Any CPU
		{C7914B10-AA44-49DB-8247-F37C094D4C15}.Debug|iPhoneSimulator.ActiveCfg = Debug|Any CPU
		{C7914B10-AA44-49DB-8247-F37C094D4C15}.Debug|iPhoneSimulator.Build.0 = Debug|Any CPU
		{C7914B10-AA44-49DB-8247-F37C094D4C15}.Debug|iPhoneSimulator.Deploy.0 = Debug|Any CPU
		{C7914B10-AA44-49DB-8247-F37C094D4C15}.Release|Any CPU.ActiveCfg = Release|Any CPU
		{C7914B10-AA44-49DB-8247-F37C094D4C15}.Release|Any CPU.Build.0 = Release|Any CPU
		{C7914B10-AA44-49DB-8247-F37C094D4C15}.Release|Any CPU.Deploy.0 = Release|Any CPU
		{C7914B10-AA44-49DB-8247-F37C094D4C15}.Release|iPhone.ActiveCfg = Release|Any CPU
		{C7914B10-AA44-49DB-8247-F37C094D4C15}.Release|iPhone.Build.0 = Release|Any CPU
		{C7914B10-AA44-49DB-8247-F37C094D4C15}.Release|iPhone.Deploy.0 = Release|Any CPU
		{C7914B10-AA44-49DB-8247-F37C094D4C15}.Release|iPhoneSimulator.ActiveCfg = Release|Any CPU
		{C7914B10-AA44-49DB-8247-F37C094D4C15}.Release|iPhoneSimulator.Build.0 = Release|Any CPU
		{C7914B10-AA44-49DB-8247-F37C094D4C15}.Release|iPhoneSimulator.Deploy.0 = Release|Any CPU
		{170D9C82-27AA-4C81-A1A8-78052B1A5E42}.Debug|Any CPU.ActiveCfg = Debug|iPhone
		{170D9C82-27AA-4C81-A1A8-78052B1A5E42}.Debug|Any CPU.Build.0 = Debug|iPhone
		{170D9C82-27AA-4C81-A1A8-78052B1A5E42}.Debug|Any CPU.Deploy.0 = Debug|iPhone
		{170D9C82-27AA-4C81-A1A8-78052B1A5E42}.Debug|iPhone.ActiveCfg = Debug|iPhone
		{170D9C82-27AA-4C81-A1A8-78052B1A5E42}.Debug|iPhone.Build.0 = Debug|iPhone
		{170D9C82-27AA-4C81-A1A8-78052B1A5E42}.Debug|iPhone.Deploy.0 = Debug|iPhone
		{170D9C82-27AA-4C81-A1A8-78052B1A5E42}.Debug|iPhoneSimulator.ActiveCfg = Debug|iPhoneSimulator
		{170D9C82-27AA-4C81-A1A8-78052B1A5E42}.Debug|iPhoneSimulator.Build.0 = Debug|iPhoneSimulator
		{170D9C82-27AA-4C81-A1A8-78052B1A5E42}.Debug|iPhoneSimulator.Deploy.0 = Debug|iPhoneSimulator
		{170D9C82-27AA-4C81-A1A8-78052B1A5E42}.Release|Any CPU.ActiveCfg = Release|iPhoneSimulator
		{170D9C82-27AA-4C81-A1A8-78052B1A5E42}.Release|Any CPU.Build.0 = Release|iPhoneSimulator
		{170D9C82-27AA-4C81-A1A8-78052B1A5E42}.Release|Any CPU.Deploy.0 = Release|iPhoneSimulator
		{170D9C82-27AA-4C81-A1A8-78052B1A5E42}.Release|iPhone.ActiveCfg = Release|iPhone
		{170D9C82-27AA-4C81-A1A8-78052B1A5E42}.Release|iPhone.Build.0 = Release|iPhone
		{170D9C82-27AA-4C81-A1A8-78052B1A5E42}.Release|iPhone.Deploy.0 = Release|iPhone
		{170D9C82-27AA-4C81-A1A8-78052B1A5E42}.Release|iPhoneSimulator.ActiveCfg = Release|iPhoneSimulator
		{170D9C82-27AA-4C81-A1A8-78052B1A5E42}.Release|iPhoneSimulator.Build.0 = Release|iPhoneSimulator
		{170D9C82-27AA-4C81-A1A8-78052B1A5E42}.Release|iPhoneSimulator.Deploy.0 = Release|iPhoneSimulator
		{C8EB9A90-7034-4840-9D93-E0AE4F26B3E8}.Debug|Any CPU.ActiveCfg = Debug|Any CPU
		{C8EB9A90-7034-4840-9D93-E0AE4F26B3E8}.Debug|Any CPU.Build.0 = Debug|Any CPU
		{C8EB9A90-7034-4840-9D93-E0AE4F26B3E8}.Debug|Any CPU.Deploy.0 = Debug|Any CPU
		{C8EB9A90-7034-4840-9D93-E0AE4F26B3E8}.Debug|iPhone.ActiveCfg = Debug|Any CPU
		{C8EB9A90-7034-4840-9D93-E0AE4F26B3E8}.Debug|iPhone.Build.0 = Debug|Any CPU
		{C8EB9A90-7034-4840-9D93-E0AE4F26B3E8}.Debug|iPhone.Deploy.0 = Debug|Any CPU
		{C8EB9A90-7034-4840-9D93-E0AE4F26B3E8}.Debug|iPhoneSimulator.ActiveCfg = Debug|Any CPU
		{C8EB9A90-7034-4840-9D93-E0AE4F26B3E8}.Debug|iPhoneSimulator.Build.0 = Debug|Any CPU
		{C8EB9A90-7034-4840-9D93-E0AE4F26B3E8}.Debug|iPhoneSimulator.Deploy.0 = Debug|Any CPU
		{C8EB9A90-7034-4840-9D93-E0AE4F26B3E8}.Release|Any CPU.ActiveCfg = Release|Any CPU
		{C8EB9A90-7034-4840-9D93-E0AE4F26B3E8}.Release|Any CPU.Build.0 = Release|Any CPU
		{C8EB9A90-7034-4840-9D93-E0AE4F26B3E8}.Release|Any CPU.Deploy.0 = Release|Any CPU
		{C8EB9A90-7034-4840-9D93-E0AE4F26B3E8}.Release|iPhone.ActiveCfg = Release|Any CPU
		{C8EB9A90-7034-4840-9D93-E0AE4F26B3E8}.Release|iPhone.Build.0 = Release|Any CPU
		{C8EB9A90-7034-4840-9D93-E0AE4F26B3E8}.Release|iPhone.Deploy.0 = Release|Any CPU
		{C8EB9A90-7034-4840-9D93-E0AE4F26B3E8}.Release|iPhoneSimulator.ActiveCfg = Release|Any CPU
		{C8EB9A90-7034-4840-9D93-E0AE4F26B3E8}.Release|iPhoneSimulator.Build.0 = Release|Any CPU
		{C8EB9A90-7034-4840-9D93-E0AE4F26B3E8}.Release|iPhoneSimulator.Deploy.0 = Release|Any CPU
	EndGlobalSection
	GlobalSection(SolutionProperties) = preSolution
		HideSolutionNode = FALSE
	EndGlobalSection
	GlobalSection(ExtensibilityGlobals) = postSolution
		SolutionGuid = {936E6823-0179-41B3-885C-CE9FABAAF7EC}
	EndGlobalSection
EndGlobal
